
Microsoft Visual Studio Solution File, Format Version 12.00
# Visual Studio Version 17
VisualStudioVersion = 17.7.34202.233
MinimumVisualStudioVersion = 10.0.40219.1
Project("{8BC9CEB8-8B4A-11D0-8D11-00A0C91BC942}") = "N_Reinas", "N_Reinas.vcxproj", "{6F02B1F4-2553-4B0F-BE61-848D5AF92A75}"
EndProject
Global
	GlobalSection(SolutionConfigurationPlatforms) = preSolution
		Debug|x64 = Debug|x64
		Debug|x86 = Debug|x86
		Release|x64 = Release|x64
		Release|x86 = Release|x86
	EndGlobalSection
	GlobalSection(ProjectConfigurationPlatforms) = postSolution
		{6F02B1F4-2553-4B0F-BE61-848D5AF92A75}.Debug|x64.ActiveCfg = Debug|x64
		{6F02B1F4-2553-4B0F-BE61-848D5AF92A75}.Debug|x64.Build.0 = Debug|x64
		{6F02B1F4-2553-4B0F-BE61-848D5AF92A75}.Debug|x86.ActiveCfg = Debug|Win32
		{6F02B1F4-2553-4B0F-BE61-848D5AF92A75}.Debug|x86.Build.0 = Debug|Win32
		{6F02B1F4-2553-4B0F-BE61-848D5AF92A75}.Release|x64.ActiveCfg = Release|x64
		{6F02B1F4-2553-4B0F-BE61-848D5AF92A75}.Release|x64.Build.0 = Release|x64
		{6F02B1F4-2553-4B0F-BE61-848D5AF92A75}.Release|x86.ActiveCfg = Release|Win32
		{6F02B1F4-2553-4B0F-BE61-848D5AF92A75}.Release|x86.Build.0 = Release|Win32
	EndGlobalSection
	GlobalSection(SolutionProperties) = preSolution
		HideSolutionNode = FALSE
	EndGlobalSection
	GlobalSection(ExtensibilityGlobals) = postSolution
		SolutionGuid = {CDC70CF7-6FC4-48B2-8EA1-D8E599BA3141}
	EndGlobalSection
EndGlobal
