<?xml version="1.0" encoding="UTF-8" standalone="yes" ?>
<CodeBlocks_project_file>
	<FileVersion major="1" minor="6" />
	<Project>
		<Option title="Algoritmo_de_Dijkstra" />
		<Option pch_mode="2" />
		<Option compiler="gcc" />
		<Build>
			<Target title="Debug">
				<Option output="bin/Debug/Algoritmo_de_Dijkstra" prefix_auto="1" extension_auto="1" />
				<Option object_output="obj/Debug/" />
				<Option type="1" />
				<Option compiler="gcc" />
				<Compiler>
					<Add option="-g" />
					<Add directory="../Algoritmo_de_Dijkstra" />
				</Compiler>
			</Target>
			<Target title="Release">
				<Option output="bin/Release/Algoritmo_de_Dijkstra" prefix_auto="1" extension_auto="1" />
				<Option object_output="obj/Release/" />
				<Option type="1" />
				<Option compiler="gcc" />
				<Compiler>
					<Add option="-O2" />
					<Add directory="../Algoritmo_de_Dijkstra" />
				</Compiler>
				<Linker>
					<Add option="-s" />
				</Linker>
			</Target>
		</Build>
		<Compiler>
			<Add option="-Wall" />
			<Add option="-fexceptions" />
		</Compiler>
		<Unit filename="Arista.cpp" />
		<Unit filename="Arista.h" />
		<Unit filename="Grafo.cpp" />
		<Unit filename="Grafo.h" />
		<Unit filename="ListaDoble.cpp" />
		<Unit filename="ListaDoble.h" />
		<Unit filename="Nodo.cpp" />
		<Unit filename="Nodo.h" />
		<Unit filename="Vertice.cpp" />
		<Unit filename="Vertice.h" />
		<Unit filename="main.cpp" />
		<Unit filename="menus.h" />
		<Unit filename="validaciones.h" />
		<Extensions>
			<lib_finder disable_auto="1" />
		</Extensions>
	</Project>
</CodeBlocks_project_file>
